
Microsoft Visual Studio Solution File, Format Version 12.00
# Visual Studio 15
VisualStudioVersion = 15.0.26403.7
MinimumVisualStudioVersion = 10.0.40219.1
Project("{FAE04EC0-301F-11D3-BF4B-00C04F79EFBC}") = "MainSMS", "src\MainSMS\MainSMS.csproj", "{117B6C6E-53F9-45AE-9439-F4FB7E21B116}"
EndProject
Project("{9A19103F-16F7-4668-BE54-9A1E7A4F7556}") = "MainSMS.Test", "test\MainSMS.Test\MainSMS.Test.csproj", "{889C1F54-590E-41ED-AA7D-96D3EA1ECC24}"
EndProject
Global
	GlobalSection(SolutionConfigurationPlatforms) = preSolution
		Debug|Any CPU = Debug|Any CPU
		Release|Any CPU = Release|Any CPU
	EndGlobalSection
	GlobalSection(ProjectConfigurationPlatforms) = postSolution
		{117B6C6E-53F9-45AE-9439-F4FB7E21B116}.Debug|Any CPU.ActiveCfg = Debug|Any CPU
		{117B6C6E-53F9-45AE-9439-F4FB7E21B116}.Debug|Any CPU.Build.0 = Debug|Any CPU
		{117B6C6E-53F9-45AE-9439-F4FB7E21B116}.Release|Any CPU.ActiveCfg = Release|Any CPU
		{117B6C6E-53F9-45AE-9439-F4FB7E21B116}.Release|Any CPU.Build.0 = Release|Any CPU
		{889C1F54-590E-41ED-AA7D-96D3EA1ECC24}.Debug|Any CPU.ActiveCfg = Debug|Any CPU
		{889C1F54-590E-41ED-AA7D-96D3EA1ECC24}.Debug|Any CPU.Build.0 = Debug|Any CPU
		{889C1F54-590E-41ED-AA7D-96D3EA1ECC24}.Release|Any CPU.ActiveCfg = Release|Any CPU
		{889C1F54-590E-41ED-AA7D-96D3EA1ECC24}.Release|Any CPU.Build.0 = Release|Any CPU
	EndGlobalSection
	GlobalSection(SolutionProperties) = preSolution
		HideSolutionNode = FALSE
	EndGlobalSection
EndGlobal
